// !$*UTF8*$!
{
	archiveVersion = 1;
	classes = {
	};
	objectVersion = 56;
	objects = {

/* Begin PBXBuildFile section */
		A47ED7E42BF3BB9D001692C4 /* TitileHeaderCollectionReusableView.swift in Sources */ = {isa = PBXBuildFile; fileRef = A47ED7E32BF3BB9D001692C4 /* TitileHeaderCollectionReusableView.swift */; };
		A47ED7E62BF3FBFC001692C4 /* AlbumTrackCollectionViewCell.swift in Sources */ = {isa = PBXBuildFile; fileRef = A47ED7E52BF3FBFC001692C4 /* AlbumTrackCollectionViewCell.swift */; };
		A47ED7E82BF3FD78001692C4 /* AlbumCollectionViewCellViewModel.swift in Sources */ = {isa = PBXBuildFile; fileRef = A47ED7E72BF3FD78001692C4 /* AlbumCollectionViewCellViewModel.swift */; };
		A4A83DAF2BDA9F090099B5DB /* AppDelegate.swift in Sources */ = {isa = PBXBuildFile; fileRef = A4A83DAE2BDA9F090099B5DB /* AppDelegate.swift */; };
		A4A83DB12BDA9F090099B5DB /* SceneDelegate.swift in Sources */ = {isa = PBXBuildFile; fileRef = A4A83DB02BDA9F090099B5DB /* SceneDelegate.swift */; };
		A4A83DB32BDA9F090099B5DB /* HomeViewController.swift in Sources */ = {isa = PBXBuildFile; fileRef = A4A83DB22BDA9F090099B5DB /* HomeViewController.swift */; };
		A4A83DB82BDA9F0A0099B5DB /* Assets.xcassets in Resources */ = {isa = PBXBuildFile; fileRef = A4A83DB72BDA9F0A0099B5DB /* Assets.xcassets */; };
		A4A83DBB2BDA9F0A0099B5DB /* LaunchScreen.storyboard in Resources */ = {isa = PBXBuildFile; fileRef = A4A83DB92BDA9F0A0099B5DB /* LaunchScreen.storyboard */; };
		A4A83DCC2BDAA03B0099B5DB /* Layout_Extension.swift in Sources */ = {isa = PBXBuildFile; fileRef = A4A83DC62BDAA03B0099B5DB /* Layout_Extension.swift */; };
		A4A83DCD2BDAA03B0099B5DB /* KeychainHelper.swift in Sources */ = {isa = PBXBuildFile; fileRef = A4A83DC72BDAA03B0099B5DB /* KeychainHelper.swift */; };
		A4A83DCE2BDAA03B0099B5DB /* UserDefaultsHelper.swift in Sources */ = {isa = PBXBuildFile; fileRef = A4A83DC82BDAA03B0099B5DB /* UserDefaultsHelper.swift */; };
		A4A83DCF2BDAA03B0099B5DB /* NetworkHelper.swift in Sources */ = {isa = PBXBuildFile; fileRef = A4A83DC92BDAA03B0099B5DB /* NetworkHelper.swift */; };
		A4A83DD02BDAA03B0099B5DB /* NetworkManager.swift in Sources */ = {isa = PBXBuildFile; fileRef = A4A83DCA2BDAA03B0099B5DB /* NetworkManager.swift */; };
		A4A83DD12BDAA03B0099B5DB /* Extensions.swift in Sources */ = {isa = PBXBuildFile; fileRef = A4A83DCB2BDAA03B0099B5DB /* Extensions.swift */; };
		A4A83DD72BDAA6D90099B5DB /* TabBarViewController.swift in Sources */ = {isa = PBXBuildFile; fileRef = A4A83DD62BDAA6D90099B5DB /* TabBarViewController.swift */; };
		A4A83DDB2BDAA6FC0099B5DB /* LibraryViewController.swift in Sources */ = {isa = PBXBuildFile; fileRef = A4A83DDA2BDAA6FC0099B5DB /* LibraryViewController.swift */; };
		A4A83DDD2BDAA7810099B5DB /* AuthViewController.swift in Sources */ = {isa = PBXBuildFile; fileRef = A4A83DDC2BDAA7810099B5DB /* AuthViewController.swift */; };
		A4A83DDF2BDAA7B20099B5DB /* SettingsViewController.swift in Sources */ = {isa = PBXBuildFile; fileRef = A4A83DDE2BDAA7B20099B5DB /* SettingsViewController.swift */; };
		A4A83DE12BDAA7C30099B5DB /* WelcomeViewController.swift in Sources */ = {isa = PBXBuildFile; fileRef = A4A83DE02BDAA7C20099B5DB /* WelcomeViewController.swift */; };
		A4A83DE32BDAA7D70099B5DB /* PlayerViewController.swift in Sources */ = {isa = PBXBuildFile; fileRef = A4A83DE22BDAA7D70099B5DB /* PlayerViewController.swift */; };
		A4A83DE52BDAA7ED0099B5DB /* ProfileViewController.swift in Sources */ = {isa = PBXBuildFile; fileRef = A4A83DE42BDAA7ED0099B5DB /* ProfileViewController.swift */; };
		A4A83DE72BDAA7F90099B5DB /* PlaylistViewController.swift in Sources */ = {isa = PBXBuildFile; fileRef = A4A83DE62BDAA7F90099B5DB /* PlaylistViewController.swift */; };
		A4A83DE92BDAA8260099B5DB /* SearchResultsViewController.swift in Sources */ = {isa = PBXBuildFile; fileRef = A4A83DE82BDAA8260099B5DB /* SearchResultsViewController.swift */; };
		A4A83DEB2BDAA8C80099B5DB /* PlaylistModel.swift in Sources */ = {isa = PBXBuildFile; fileRef = A4A83DEA2BDAA8C80099B5DB /* PlaylistModel.swift */; };
		A4A83DED2BDAA8DA0099B5DB /* AudioTrackModel.swift in Sources */ = {isa = PBXBuildFile; fileRef = A4A83DEC2BDAA8DA0099B5DB /* AudioTrackModel.swift */; };
		A4A83DEF2BDAA8E70099B5DB /* ArtistModel.swift in Sources */ = {isa = PBXBuildFile; fileRef = A4A83DEE2BDAA8E70099B5DB /* ArtistModel.swift */; };
		A4A83DF12BDAA8FC0099B5DB /* UserProfileModel.swift in Sources */ = {isa = PBXBuildFile; fileRef = A4A83DF02BDAA8FC0099B5DB /* UserProfileModel.swift */; };
		A4A83DF32BDAAA200099B5DB /* SearchViewController.swift in Sources */ = {isa = PBXBuildFile; fileRef = A4A83DF22BDAAA200099B5DB /* SearchViewController.swift */; };
		A4A83DF52BDAAD3C0099B5DB /* AuthManager.swift in Sources */ = {isa = PBXBuildFile; fileRef = A4A83DF42BDAAD3C0099B5DB /* AuthManager.swift */; };
		A4A83DF72BDD061D0099B5DB /* AuthResponseModel.swift in Sources */ = {isa = PBXBuildFile; fileRef = A4A83DF62BDD061D0099B5DB /* AuthResponseModel.swift */; };
		A4A83DFA2BDFEC700099B5DB /* APICaller.swift in Sources */ = {isa = PBXBuildFile; fileRef = A4A83DF92BDFEC700099B5DB /* APICaller.swift */; };
		A4A83DFC2BDFEC850099B5DB /* HapticsManager.swift in Sources */ = {isa = PBXBuildFile; fileRef = A4A83DFB2BDFEC850099B5DB /* HapticsManager.swift */; };
		A4A83DFE2BE523B00099B5DB /* SettingModel.swift in Sources */ = {isa = PBXBuildFile; fileRef = A4A83DFD2BE523B00099B5DB /* SettingModel.swift */; };
		A4A83E012BE660EC0099B5DB /* SDWebImage in Frameworks */ = {isa = PBXBuildFile; productRef = A4A83E002BE660EC0099B5DB /* SDWebImage */; };
		A4A83E032BE660EC0099B5DB /* SDWebImageMapKit in Frameworks */ = {isa = PBXBuildFile; productRef = A4A83E022BE660EC0099B5DB /* SDWebImageMapKit */; };
		A4A83E092BEA7F830099B5DB /* NewReleasesResponseModel.swift in Sources */ = {isa = PBXBuildFile; fileRef = A4A83E082BEA7F830099B5DB /* NewReleasesResponseModel.swift */; };
		A4A83E0B2BEA827D0099B5DB /* APIImageModel.swift in Sources */ = {isa = PBXBuildFile; fileRef = A4A83E0A2BEA827D0099B5DB /* APIImageModel.swift */; };
		A4A83E0D2BEA8AC70099B5DB /* FeaturedPlaylistResponseModel.swift in Sources */ = {isa = PBXBuildFile; fileRef = A4A83E0C2BEA8AC70099B5DB /* FeaturedPlaylistResponseModel.swift */; };
		A4A83E0F2BEB8D7C0099B5DB /* RecommendedGenreResponseModel.swift in Sources */ = {isa = PBXBuildFile; fileRef = A4A83E0E2BEB8D7C0099B5DB /* RecommendedGenreResponseModel.swift */; };
		A4A83E112BEB97520099B5DB /* RecomendationsResponseModel.swift in Sources */ = {isa = PBXBuildFile; fileRef = A4A83E102BEB97520099B5DB /* RecomendationsResponseModel.swift */; };
		A4A83E142BED18BB0099B5DB /* NewReleaseCollectionViewCell.swift in Sources */ = {isa = PBXBuildFile; fileRef = A4A83E132BED18BB0099B5DB /* NewReleaseCollectionViewCell.swift */; };
		A4A83E162BED18D20099B5DB /* FeaturedPlaylistCollectionViewCell.swift in Sources */ = {isa = PBXBuildFile; fileRef = A4A83E152BED18D20099B5DB /* FeaturedPlaylistCollectionViewCell.swift */; };
		A4A83E182BED18ED0099B5DB /* RecommendedTrackCollectionViewCell.swift in Sources */ = {isa = PBXBuildFile; fileRef = A4A83E172BED18ED0099B5DB /* RecommendedTrackCollectionViewCell.swift */; };
		A4A83E1A2BED21D60099B5DB /* NewReleaseCellViewModel.swift in Sources */ = {isa = PBXBuildFile; fileRef = A4A83E192BED21D60099B5DB /* NewReleaseCellViewModel.swift */; };
		A4A83E1C2BED639B0099B5DB /* FeaturedPlaylistCellViewModel.swift in Sources */ = {isa = PBXBuildFile; fileRef = A4A83E1B2BED639B0099B5DB /* FeaturedPlaylistCellViewModel.swift */; };
		A4A83E1E2BED63E50099B5DB /* RecommendedTrackCellViewModel.swift in Sources */ = {isa = PBXBuildFile; fileRef = A4A83E1D2BED63E50099B5DB /* RecommendedTrackCellViewModel.swift */; };
		A4A83E202BEE3B300099B5DB /* AlbumViewController.swift in Sources */ = {isa = PBXBuildFile; fileRef = A4A83E1F2BEE3B300099B5DB /* AlbumViewController.swift */; };
		A4A83E222BEE45960099B5DB /* AlbumDetailResponseModel.swift in Sources */ = {isa = PBXBuildFile; fileRef = A4A83E212BEE45960099B5DB /* AlbumDetailResponseModel.swift */; };
		A4A83E242BEE4BEE0099B5DB /* PlaylistDetailResponseModel.swift in Sources */ = {isa = PBXBuildFile; fileRef = A4A83E232BEE4BEE0099B5DB /* PlaylistDetailResponseModel.swift */; };
		A4A83E262BEE5C190099B5DB /* PlaylistHeaderCollectionReusableView.swift in Sources */ = {isa = PBXBuildFile; fileRef = A4A83E252BEE5C190099B5DB /* PlaylistHeaderCollectionReusableView.swift */; };
		A4A83E282BEE61060099B5DB /* PlaylistHeaderViewModel.swift in Sources */ = {isa = PBXBuildFile; fileRef = A4A83E272BEE61060099B5DB /* PlaylistHeaderViewModel.swift */; };
/* End PBXBuildFile section */

/* Begin PBXFileReference section */
		A47ED7E32BF3BB9D001692C4 /* TitileHeaderCollectionReusableView.swift */ = {isa = PBXFileReference; lastKnownFileType = sourcecode.swift; path = TitileHeaderCollectionReusableView.swift; sourceTree = "<group>"; };
		A47ED7E52BF3FBFC001692C4 /* AlbumTrackCollectionViewCell.swift */ = {isa = PBXFileReference; lastKnownFileType = sourcecode.swift; path = AlbumTrackCollectionViewCell.swift; sourceTree = "<group>"; };
		A47ED7E72BF3FD78001692C4 /* AlbumCollectionViewCellViewModel.swift */ = {isa = PBXFileReference; lastKnownFileType = sourcecode.swift; path = AlbumCollectionViewCellViewModel.swift; sourceTree = "<group>"; };
		A4A83DAB2BDA9F090099B5DB /* NotSpotify.app */ = {isa = PBXFileReference; explicitFileType = wrapper.application; includeInIndex = 0; path = NotSpotify.app; sourceTree = BUILT_PRODUCTS_DIR; };
		A4A83DAE2BDA9F090099B5DB /* AppDelegate.swift */ = {isa = PBXFileReference; lastKnownFileType = sourcecode.swift; path = AppDelegate.swift; sourceTree = "<group>"; };
		A4A83DB02BDA9F090099B5DB /* SceneDelegate.swift */ = {isa = PBXFileReference; lastKnownFileType = sourcecode.swift; path = SceneDelegate.swift; sourceTree = "<group>"; };
		A4A83DB22BDA9F090099B5DB /* HomeViewController.swift */ = {isa = PBXFileReference; lastKnownFileType = sourcecode.swift; path = HomeViewController.swift; sourceTree = "<group>"; };
		A4A83DB72BDA9F0A0099B5DB /* Assets.xcassets */ = {isa = PBXFileReference; lastKnownFileType = folder.assetcatalog; path = Assets.xcassets; sourceTree = "<group>"; };
		A4A83DBA2BDA9F0A0099B5DB /* Base */ = {isa = PBXFileReference; lastKnownFileType = file.storyboard; name = Base; path = Base.lproj/LaunchScreen.storyboard; sourceTree = "<group>"; };
		A4A83DBC2BDA9F0A0099B5DB /* Info.plist */ = {isa = PBXFileReference; lastKnownFileType = text.plist.xml; path = Info.plist; sourceTree = "<group>"; };
		A4A83DC62BDAA03B0099B5DB /* Layout_Extension.swift */ = {isa = PBXFileReference; fileEncoding = 4; lastKnownFileType = sourcecode.swift; path = Layout_Extension.swift; sourceTree = "<group>"; };
		A4A83DC72BDAA03B0099B5DB /* KeychainHelper.swift */ = {isa = PBXFileReference; fileEncoding = 4; lastKnownFileType = sourcecode.swift; path = KeychainHelper.swift; sourceTree = "<group>"; };
		A4A83DC82BDAA03B0099B5DB /* UserDefaultsHelper.swift */ = {isa = PBXFileReference; fileEncoding = 4; lastKnownFileType = sourcecode.swift; path = UserDefaultsHelper.swift; sourceTree = "<group>"; };
		A4A83DC92BDAA03B0099B5DB /* NetworkHelper.swift */ = {isa = PBXFileReference; fileEncoding = 4; lastKnownFileType = sourcecode.swift; path = NetworkHelper.swift; sourceTree = "<group>"; };
		A4A83DCA2BDAA03B0099B5DB /* NetworkManager.swift */ = {isa = PBXFileReference; fileEncoding = 4; lastKnownFileType = sourcecode.swift; path = NetworkManager.swift; sourceTree = "<group>"; };
		A4A83DCB2BDAA03B0099B5DB /* Extensions.swift */ = {isa = PBXFileReference; fileEncoding = 4; lastKnownFileType = sourcecode.swift; path = Extensions.swift; sourceTree = "<group>"; };
		A4A83DD62BDAA6D90099B5DB /* TabBarViewController.swift */ = {isa = PBXFileReference; lastKnownFileType = sourcecode.swift; path = TabBarViewController.swift; sourceTree = "<group>"; };
		A4A83DDA2BDAA6FC0099B5DB /* LibraryViewController.swift */ = {isa = PBXFileReference; lastKnownFileType = sourcecode.swift; path = LibraryViewController.swift; sourceTree = "<group>"; };
		A4A83DDC2BDAA7810099B5DB /* AuthViewController.swift */ = {isa = PBXFileReference; lastKnownFileType = sourcecode.swift; path = AuthViewController.swift; sourceTree = "<group>"; };
		A4A83DDE2BDAA7B20099B5DB /* SettingsViewController.swift */ = {isa = PBXFileReference; lastKnownFileType = sourcecode.swift; path = SettingsViewController.swift; sourceTree = "<group>"; };
		A4A83DE02BDAA7C20099B5DB /* WelcomeViewController.swift */ = {isa = PBXFileReference; lastKnownFileType = sourcecode.swift; path = WelcomeViewController.swift; sourceTree = "<group>"; };
		A4A83DE22BDAA7D70099B5DB /* PlayerViewController.swift */ = {isa = PBXFileReference; lastKnownFileType = sourcecode.swift; path = PlayerViewController.swift; sourceTree = "<group>"; };
		A4A83DE42BDAA7ED0099B5DB /* ProfileViewController.swift */ = {isa = PBXFileReference; lastKnownFileType = sourcecode.swift; path = ProfileViewController.swift; sourceTree = "<group>"; };
		A4A83DE62BDAA7F90099B5DB /* PlaylistViewController.swift */ = {isa = PBXFileReference; lastKnownFileType = sourcecode.swift; path = PlaylistViewController.swift; sourceTree = "<group>"; };
		A4A83DE82BDAA8260099B5DB /* SearchResultsViewController.swift */ = {isa = PBXFileReference; lastKnownFileType = sourcecode.swift; path = SearchResultsViewController.swift; sourceTree = "<group>"; };
		A4A83DEA2BDAA8C80099B5DB /* PlaylistModel.swift */ = {isa = PBXFileReference; lastKnownFileType = sourcecode.swift; path = PlaylistModel.swift; sourceTree = "<group>"; };
		A4A83DEC2BDAA8DA0099B5DB /* AudioTrackModel.swift */ = {isa = PBXFileReference; lastKnownFileType = sourcecode.swift; path = AudioTrackModel.swift; sourceTree = "<group>"; };
		A4A83DEE2BDAA8E70099B5DB /* ArtistModel.swift */ = {isa = PBXFileReference; lastKnownFileType = sourcecode.swift; path = ArtistModel.swift; sourceTree = "<group>"; };
		A4A83DF02BDAA8FC0099B5DB /* UserProfileModel.swift */ = {isa = PBXFileReference; lastKnownFileType = sourcecode.swift; path = UserProfileModel.swift; sourceTree = "<group>"; };
		A4A83DF22BDAAA200099B5DB /* SearchViewController.swift */ = {isa = PBXFileReference; lastKnownFileType = sourcecode.swift; path = SearchViewController.swift; sourceTree = "<group>"; };
		A4A83DF42BDAAD3C0099B5DB /* AuthManager.swift */ = {isa = PBXFileReference; lastKnownFileType = sourcecode.swift; path = AuthManager.swift; sourceTree = "<group>"; };
		A4A83DF62BDD061D0099B5DB /* AuthResponseModel.swift */ = {isa = PBXFileReference; lastKnownFileType = sourcecode.swift; path = AuthResponseModel.swift; sourceTree = "<group>"; };
		A4A83DF92BDFEC700099B5DB /* APICaller.swift */ = {isa = PBXFileReference; lastKnownFileType = sourcecode.swift; path = APICaller.swift; sourceTree = "<group>"; };
		A4A83DFB2BDFEC850099B5DB /* HapticsManager.swift */ = {isa = PBXFileReference; lastKnownFileType = sourcecode.swift; path = HapticsManager.swift; sourceTree = "<group>"; };
		A4A83DFD2BE523B00099B5DB /* SettingModel.swift */ = {isa = PBXFileReference; lastKnownFileType = sourcecode.swift; path = SettingModel.swift; sourceTree = "<group>"; };
		A4A83E082BEA7F830099B5DB /* NewReleasesResponseModel.swift */ = {isa = PBXFileReference; lastKnownFileType = sourcecode.swift; path = NewReleasesResponseModel.swift; sourceTree = "<group>"; };
		A4A83E0A2BEA827D0099B5DB /* APIImageModel.swift */ = {isa = PBXFileReference; lastKnownFileType = sourcecode.swift; path = APIImageModel.swift; sourceTree = "<group>"; };
		A4A83E0C2BEA8AC70099B5DB /* FeaturedPlaylistResponseModel.swift */ = {isa = PBXFileReference; lastKnownFileType = sourcecode.swift; path = FeaturedPlaylistResponseModel.swift; sourceTree = "<group>"; };
		A4A83E0E2BEB8D7C0099B5DB /* RecommendedGenreResponseModel.swift */ = {isa = PBXFileReference; lastKnownFileType = sourcecode.swift; path = RecommendedGenreResponseModel.swift; sourceTree = "<group>"; };
		A4A83E102BEB97520099B5DB /* RecomendationsResponseModel.swift */ = {isa = PBXFileReference; lastKnownFileType = sourcecode.swift; path = RecomendationsResponseModel.swift; sourceTree = "<group>"; };
		A4A83E132BED18BB0099B5DB /* NewReleaseCollectionViewCell.swift */ = {isa = PBXFileReference; lastKnownFileType = sourcecode.swift; path = NewReleaseCollectionViewCell.swift; sourceTree = "<group>"; };
		A4A83E152BED18D20099B5DB /* FeaturedPlaylistCollectionViewCell.swift */ = {isa = PBXFileReference; lastKnownFileType = sourcecode.swift; path = FeaturedPlaylistCollectionViewCell.swift; sourceTree = "<group>"; };
		A4A83E172BED18ED0099B5DB /* RecommendedTrackCollectionViewCell.swift */ = {isa = PBXFileReference; lastKnownFileType = sourcecode.swift; path = RecommendedTrackCollectionViewCell.swift; sourceTree = "<group>"; };
		A4A83E192BED21D60099B5DB /* NewReleaseCellViewModel.swift */ = {isa = PBXFileReference; lastKnownFileType = sourcecode.swift; path = NewReleaseCellViewModel.swift; sourceTree = "<group>"; };
		A4A83E1B2BED639B0099B5DB /* FeaturedPlaylistCellViewModel.swift */ = {isa = PBXFileReference; lastKnownFileType = sourcecode.swift; path = FeaturedPlaylistCellViewModel.swift; sourceTree = "<group>"; };
		A4A83E1D2BED63E50099B5DB /* RecommendedTrackCellViewModel.swift */ = {isa = PBXFileReference; lastKnownFileType = sourcecode.swift; path = RecommendedTrackCellViewModel.swift; sourceTree = "<group>"; };
		A4A83E1F2BEE3B300099B5DB /* AlbumViewController.swift */ = {isa = PBXFileReference; lastKnownFileType = sourcecode.swift; path = AlbumViewController.swift; sourceTree = "<group>"; };
		A4A83E212BEE45960099B5DB /* AlbumDetailResponseModel.swift */ = {isa = PBXFileReference; lastKnownFileType = sourcecode.swift; path = AlbumDetailResponseModel.swift; sourceTree = "<group>"; };
		A4A83E232BEE4BEE0099B5DB /* PlaylistDetailResponseModel.swift */ = {isa = PBXFileReference; lastKnownFileType = sourcecode.swift; path = PlaylistDetailResponseModel.swift; sourceTree = "<group>"; };
		A4A83E252BEE5C190099B5DB /* PlaylistHeaderCollectionReusableView.swift */ = {isa = PBXFileReference; lastKnownFileType = sourcecode.swift; path = PlaylistHeaderCollectionReusableView.swift; sourceTree = "<group>"; };
		A4A83E272BEE61060099B5DB /* PlaylistHeaderViewModel.swift */ = {isa = PBXFileReference; lastKnownFileType = sourcecode.swift; path = PlaylistHeaderViewModel.swift; sourceTree = "<group>"; };
/* End PBXFileReference section */

/* Begin PBXFrameworksBuildPhase section */
		A4A83DA82BDA9F090099B5DB /* Frameworks */ = {
			isa = PBXFrameworksBuildPhase;
			buildActionMask = 2147483647;
			files = (
				A4A83E032BE660EC0099B5DB /* SDWebImageMapKit in Frameworks */,
				A4A83E012BE660EC0099B5DB /* SDWebImage in Frameworks */,
			);
			runOnlyForDeploymentPostprocessing = 0;
		};
/* End PBXFrameworksBuildPhase section */

/* Begin PBXGroup section */
		A4A83DA22BDA9F090099B5DB = {
			isa = PBXGroup;
			children = (
				A4A83DAD2BDA9F090099B5DB /* NotSpotify */,
				A4A83DAC2BDA9F090099B5DB /* Products */,
			);
			sourceTree = "<group>";
		};
		A4A83DAC2BDA9F090099B5DB /* Products */ = {
			isa = PBXGroup;
			children = (
				A4A83DAB2BDA9F090099B5DB /* NotSpotify.app */,
			);
			name = Products;
			sourceTree = "<group>";
		};
		A4A83DAD2BDA9F090099B5DB /* NotSpotify */ = {
			isa = PBXGroup;
			children = (
				A4A83DC22BDA9F400099B5DB /* Core */,
				A4A83DC32BDA9F580099B5DB /* Auth */,
				A4A83DF82BDFEC320099B5DB /* Managers */,
				A4A83DC52BDAA03B0099B5DB /* Helpers */,
				A4A83DD22BDAA0B80099B5DB /* Models */,
				A4A83DD52BDAA0DE0099B5DB /* Views */,
				A4A83DD42BDAA0D60099B5DB /* Controllers */,
				A4A83DD32BDAA0C70099B5DB /* ViewModels */,
				A4A83DB72BDA9F0A0099B5DB /* Assets.xcassets */,
				A4A83DBC2BDA9F0A0099B5DB /* Info.plist */,
			);
			path = NotSpotify;
			sourceTree = "<group>";
		};
		A4A83DC22BDA9F400099B5DB /* Core */ = {
			isa = PBXGroup;
			children = (
				A4A83DAE2BDA9F090099B5DB /* AppDelegate.swift */,
				A4A83DB02BDA9F090099B5DB /* SceneDelegate.swift */,
			);
			path = Core;
			sourceTree = "<group>";
		};
		A4A83DC32BDA9F580099B5DB /* Auth */ = {
			isa = PBXGroup;
			children = (
				A4A83DDC2BDAA7810099B5DB /* AuthViewController.swift */,
				A4A83DF62BDD061D0099B5DB /* AuthResponseModel.swift */,
			);
			path = Auth;
			sourceTree = "<group>";
		};
		A4A83DC52BDAA03B0099B5DB /* Helpers */ = {
			isa = PBXGroup;
			children = (
				A4A83DC62BDAA03B0099B5DB /* Layout_Extension.swift */,
				A4A83DC72BDAA03B0099B5DB /* KeychainHelper.swift */,
				A4A83DC82BDAA03B0099B5DB /* UserDefaultsHelper.swift */,
				A4A83DC92BDAA03B0099B5DB /* NetworkHelper.swift */,
				A4A83DCA2BDAA03B0099B5DB /* NetworkManager.swift */,
				A4A83DCB2BDAA03B0099B5DB /* Extensions.swift */,
			);
			name = Helpers;
			path = ../../../../Documents/Helpers;
			sourceTree = "<group>";
		};
		A4A83DD22BDAA0B80099B5DB /* Models */ = {
			isa = PBXGroup;
			children = (
				A4A83DEA2BDAA8C80099B5DB /* PlaylistModel.swift */,
				A4A83DEC2BDAA8DA0099B5DB /* AudioTrackModel.swift */,
				A4A83DEE2BDAA8E70099B5DB /* ArtistModel.swift */,
				A4A83DF02BDAA8FC0099B5DB /* UserProfileModel.swift */,
				A4A83E0A2BEA827D0099B5DB /* APIImageModel.swift */,
				A4A83DFD2BE523B00099B5DB /* SettingModel.swift */,
				A4A83E082BEA7F830099B5DB /* NewReleasesResponseModel.swift */,
				A4A83E0C2BEA8AC70099B5DB /* FeaturedPlaylistResponseModel.swift */,
				A4A83E0E2BEB8D7C0099B5DB /* RecommendedGenreResponseModel.swift */,
				A4A83E102BEB97520099B5DB /* RecomendationsResponseModel.swift */,
				A4A83E212BEE45960099B5DB /* AlbumDetailResponseModel.swift */,
				A4A83E232BEE4BEE0099B5DB /* PlaylistDetailResponseModel.swift */,
			);
			path = Models;
			sourceTree = "<group>";
		};
		A4A83DD32BDAA0C70099B5DB /* ViewModels */ = {
			isa = PBXGroup;
			children = (
				A4A83E192BED21D60099B5DB /* NewReleaseCellViewModel.swift */,
				A4A83E1B2BED639B0099B5DB /* FeaturedPlaylistCellViewModel.swift */,
				A4A83E1D2BED63E50099B5DB /* RecommendedTrackCellViewModel.swift */,
				A4A83E272BEE61060099B5DB /* PlaylistHeaderViewModel.swift */,
				A47ED7E72BF3FD78001692C4 /* AlbumCollectionViewCellViewModel.swift */,
			);
			path = ViewModels;
			sourceTree = "<group>";
		};
		A4A83DD42BDAA0D60099B5DB /* Controllers */ = {
			isa = PBXGroup;
			children = (
				A4A83DB22BDA9F090099B5DB /* HomeViewController.swift */,
				A4A83DF22BDAAA200099B5DB /* SearchViewController.swift */,
				A4A83DDA2BDAA6FC0099B5DB /* LibraryViewController.swift */,
				A4A83DDE2BDAA7B20099B5DB /* SettingsViewController.swift */,
				A4A83DE02BDAA7C20099B5DB /* WelcomeViewController.swift */,
				A4A83DE22BDAA7D70099B5DB /* PlayerViewController.swift */,
				A4A83DE42BDAA7ED0099B5DB /* ProfileViewController.swift */,
				A4A83DE82BDAA8260099B5DB /* SearchResultsViewController.swift */,
				A4A83DE62BDAA7F90099B5DB /* PlaylistViewController.swift */,
				A4A83DD62BDAA6D90099B5DB /* TabBarViewController.swift */,
				A4A83E1F2BEE3B300099B5DB /* AlbumViewController.swift */,
			);
			path = Controllers;
			sourceTree = "<group>";
		};
		A4A83DD52BDAA0DE0099B5DB /* Views */ = {
			isa = PBXGroup;
			children = (
				A4A83E122BED18790099B5DB /* Browse */,
				A4A83DB92BDA9F0A0099B5DB /* LaunchScreen.storyboard */,
				A4A83E252BEE5C190099B5DB /* PlaylistHeaderCollectionReusableView.swift */,
				A47ED7E32BF3BB9D001692C4 /* TitileHeaderCollectionReusableView.swift */,
			);
			path = Views;
			sourceTree = "<group>";
		};
		A4A83DF82BDFEC320099B5DB /* Managers */ = {
			isa = PBXGroup;
			children = (
				A4A83DF42BDAAD3C0099B5DB /* AuthManager.swift */,
				A4A83DF92BDFEC700099B5DB /* APICaller.swift */,
				A4A83DFB2BDFEC850099B5DB /* HapticsManager.swift */,
			);
			path = Managers;
			sourceTree = "<group>";
		};
		A4A83E122BED18790099B5DB /* Browse */ = {
			isa = PBXGroup;
			children = (
				A4A83E132BED18BB0099B5DB /* NewReleaseCollectionViewCell.swift */,
				A4A83E152BED18D20099B5DB /* FeaturedPlaylistCollectionViewCell.swift */,
				A4A83E172BED18ED0099B5DB /* RecommendedTrackCollectionViewCell.swift */,
				A47ED7E52BF3FBFC001692C4 /* AlbumTrackCollectionViewCell.swift */,
			);
			path = Browse;
			sourceTree = "<group>";
		};
/* End PBXGroup section */

/* Begin PBXNativeTarget section */
		A4A83DAA2BDA9F090099B5DB /* NotSpotify */ = {
			isa = PBXNativeTarget;
			buildConfigurationList = A4A83DBF2BDA9F0A0099B5DB /* Build configuration list for PBXNativeTarget "NotSpotify" */;
			buildPhases = (
				A4A83DA72BDA9F090099B5DB /* Sources */,
				A4A83DA82BDA9F090099B5DB /* Frameworks */,
				A4A83DA92BDA9F090099B5DB /* Resources */,
			);
			buildRules = (
			);
			dependencies = (
			);
			name = NotSpotify;
			packageProductDependencies = (
				A4A83E002BE660EC0099B5DB /* SDWebImage */,
				A4A83E022BE660EC0099B5DB /* SDWebImageMapKit */,
			);
			productName = NotSpotify;
			productReference = A4A83DAB2BDA9F090099B5DB /* NotSpotify.app */;
			productType = "com.apple.product-type.application";
		};
/* End PBXNativeTarget section */

/* Begin PBXProject section */
		A4A83DA32BDA9F090099B5DB /* Project object */ = {
			isa = PBXProject;
			attributes = {
				BuildIndependentTargetsInParallel = 1;
				LastSwiftUpdateCheck = 1500;
				LastUpgradeCheck = 1500;
				TargetAttributes = {
					A4A83DAA2BDA9F090099B5DB = {
						CreatedOnToolsVersion = 15.0.1;
					};
				};
			};
			buildConfigurationList = A4A83DA62BDA9F090099B5DB /* Build configuration list for PBXProject "NotSpotify" */;
			compatibilityVersion = "Xcode 14.0";
			developmentRegion = en;
			hasScannedForEncodings = 0;
			knownRegions = (
				en,
				Base,
			);
			mainGroup = A4A83DA22BDA9F090099B5DB;
			packageReferences = (
				A4A83DFF2BE660EC0099B5DB /* XCRemoteSwiftPackageReference "SDWebImage" */,
			);
			productRefGroup = A4A83DAC2BDA9F090099B5DB /* Products */;
			projectDirPath = "";
			projectRoot = "";
			targets = (
				A4A83DAA2BDA9F090099B5DB /* NotSpotify */,
			);
		};
/* End PBXProject section */

/* Begin PBXResourcesBuildPhase section */
		A4A83DA92BDA9F090099B5DB /* Resources */ = {
			isa = PBXResourcesBuildPhase;
			buildActionMask = 2147483647;
			files = (
				A4A83DBB2BDA9F0A0099B5DB /* LaunchScreen.storyboard in Resources */,
				A4A83DB82BDA9F0A0099B5DB /* Assets.xcassets in Resources */,
			);
			runOnlyForDeploymentPostprocessing = 0;
		};
/* End PBXResourcesBuildPhase section */

/* Begin PBXSourcesBuildPhase section */
		A4A83DA72BDA9F090099B5DB /* Sources */ = {
			isa = PBXSourcesBuildPhase;
			buildActionMask = 2147483647;
			files = (
				A4A83DCF2BDAA03B0099B5DB /* NetworkHelper.swift in Sources */,
				A4A83DF52BDAAD3C0099B5DB /* AuthManager.swift in Sources */,
				A4A83E182BED18ED0099B5DB /* RecommendedTrackCollectionViewCell.swift in Sources */,
				A4A83E0F2BEB8D7C0099B5DB /* RecommendedGenreResponseModel.swift in Sources */,
				A4A83DE32BDAA7D70099B5DB /* PlayerViewController.swift in Sources */,
				A4A83DD12BDAA03B0099B5DB /* Extensions.swift in Sources */,
				A4A83DF72BDD061D0099B5DB /* AuthResponseModel.swift in Sources */,
				A4A83E282BEE61060099B5DB /* PlaylistHeaderViewModel.swift in Sources */,
				A4A83E162BED18D20099B5DB /* FeaturedPlaylistCollectionViewCell.swift in Sources */,
				A47ED7E82BF3FD78001692C4 /* AlbumCollectionViewCellViewModel.swift in Sources */,
				A4A83DCE2BDAA03B0099B5DB /* UserDefaultsHelper.swift in Sources */,
				A4A83DED2BDAA8DA0099B5DB /* AudioTrackModel.swift in Sources */,
				A4A83DB32BDA9F090099B5DB /* HomeViewController.swift in Sources */,
				A47ED7E62BF3FBFC001692C4 /* AlbumTrackCollectionViewCell.swift in Sources */,
				A4A83DAF2BDA9F090099B5DB /* AppDelegate.swift in Sources */,
				A4A83DFC2BDFEC850099B5DB /* HapticsManager.swift in Sources */,
				A4A83E262BEE5C190099B5DB /* PlaylistHeaderCollectionReusableView.swift in Sources */,
				A4A83DE52BDAA7ED0099B5DB /* ProfileViewController.swift in Sources */,
				A4A83DE12BDAA7C30099B5DB /* WelcomeViewController.swift in Sources */,
				A4A83E242BEE4BEE0099B5DB /* PlaylistDetailResponseModel.swift in Sources */,
				A4A83E112BEB97520099B5DB /* RecomendationsResponseModel.swift in Sources */,
				A4A83E0B2BEA827D0099B5DB /* APIImageModel.swift in Sources */,
				A4A83E0D2BEA8AC70099B5DB /* FeaturedPlaylistResponseModel.swift in Sources */,
				A4A83DFE2BE523B00099B5DB /* SettingModel.swift in Sources */,
				A4A83DEB2BDAA8C80099B5DB /* PlaylistModel.swift in Sources */,
				A4A83E1C2BED639B0099B5DB /* FeaturedPlaylistCellViewModel.swift in Sources */,
				A4A83DD02BDAA03B0099B5DB /* NetworkManager.swift in Sources */,
				A4A83E1A2BED21D60099B5DB /* NewReleaseCellViewModel.swift in Sources */,
				A47ED7E42BF3BB9D001692C4 /* TitileHeaderCollectionReusableView.swift in Sources */,
				A4A83DB12BDA9F090099B5DB /* SceneDelegate.swift in Sources */,
				A4A83DDD2BDAA7810099B5DB /* AuthViewController.swift in Sources */,
				A4A83E092BEA7F830099B5DB /* NewReleasesResponseModel.swift in Sources */,
				A4A83E222BEE45960099B5DB /* AlbumDetailResponseModel.swift in Sources */,
				A4A83DFA2BDFEC700099B5DB /* APICaller.swift in Sources */,
				A4A83DF32BDAAA200099B5DB /* SearchViewController.swift in Sources */,
				A4A83DE92BDAA8260099B5DB /* SearchResultsViewController.swift in Sources */,
				A4A83E1E2BED63E50099B5DB /* RecommendedTrackCellViewModel.swift in Sources */,
				A4A83DDF2BDAA7B20099B5DB /* SettingsViewController.swift in Sources */,
				A4A83DCD2BDAA03B0099B5DB /* KeychainHelper.swift in Sources */,
				A4A83DEF2BDAA8E70099B5DB /* ArtistModel.swift in Sources */,
				A4A83DE72BDAA7F90099B5DB /* PlaylistViewController.swift in Sources */,
				A4A83E142BED18BB0099B5DB /* NewReleaseCollectionViewCell.swift in Sources */,
				A4A83DD72BDAA6D90099B5DB /* TabBarViewController.swift in Sources */,
				A4A83E202BEE3B300099B5DB /* AlbumViewController.swift in Sources */,
				A4A83DDB2BDAA6FC0099B5DB /* LibraryViewController.swift in Sources */,
				A4A83DF12BDAA8FC0099B5DB /* UserProfileModel.swift in Sources */,
				A4A83DCC2BDAA03B0099B5DB /* Layout_Extension.swift in Sources */,
			);
			runOnlyForDeploymentPostprocessing = 0;
		};
/* End PBXSourcesBuildPhase section */

/* Begin PBXVariantGroup section */
		A4A83DB92BDA9F0A0099B5DB /* LaunchScreen.storyboard */ = {
			isa = PBXVariantGroup;
			children = (
				A4A83DBA2BDA9F0A0099B5DB /* Base */,
			);
			name = LaunchScreen.storyboard;
			sourceTree = "<group>";
		};
/* End PBXVariantGroup section */

/* Begin XCBuildConfiguration section */
		A4A83DBD2BDA9F0A0099B5DB /* Debug */ = {
			isa = XCBuildConfiguration;
			buildSettings = {
				ALWAYS_SEARCH_USER_PATHS = NO;
				ASSETCATALOG_COMPILER_GENERATE_SWIFT_ASSET_SYMBOL_EXTENSIONS = YES;
				CLANG_ANALYZER_NONNULL = YES;
				CLANG_ANALYZER_NUMBER_OBJECT_CONVERSION = YES_AGGRESSIVE;
				CLANG_CXX_LANGUAGE_STANDARD = "gnu++20";
				CLANG_ENABLE_MODULES = YES;
				CLANG_ENABLE_OBJC_ARC = YES;
				CLANG_ENABLE_OBJC_WEAK = YES;
				CLANG_WARN_BLOCK_CAPTURE_AUTORELEASING = YES;
				CLANG_WARN_BOOL_CONVERSION = YES;
				CLANG_WARN_COMMA = YES;
				CLANG_WARN_CONSTANT_CONVERSION = YES;
				CLANG_WARN_DEPRECATED_OBJC_IMPLEMENTATIONS = YES;
				CLANG_WARN_DIRECT_OBJC_ISA_USAGE = YES_ERROR;
				CLANG_WARN_DOCUMENTATION_COMMENTS = YES;
				CLANG_WARN_EMPTY_BODY = YES;
				CLANG_WARN_ENUM_CONVERSION = YES;
				CLANG_WARN_INFINITE_RECURSION = YES;
				CLANG_WARN_INT_CONVERSION = YES;
				CLANG_WARN_NON_LITERAL_NULL_CONVERSION = YES;
				CLANG_WARN_OBJC_IMPLICIT_RETAIN_SELF = YES;
				CLANG_WARN_OBJC_LITERAL_CONVERSION = YES;
				CLANG_WARN_OBJC_ROOT_CLASS = YES_ERROR;
				CLANG_WARN_QUOTED_INCLUDE_IN_FRAMEWORK_HEADER = YES;
				CLANG_WARN_RANGE_LOOP_ANALYSIS = YES;
				CLANG_WARN_STRICT_PROTOTYPES = YES;
				CLANG_WARN_SUSPICIOUS_MOVE = YES;
				CLANG_WARN_UNGUARDED_AVAILABILITY = YES_AGGRESSIVE;
				CLANG_WARN_UNREACHABLE_CODE = YES;
				CLANG_WARN__DUPLICATE_METHOD_MATCH = YES;
				COPY_PHASE_STRIP = NO;
				DEBUG_INFORMATION_FORMAT = dwarf;
				ENABLE_STRICT_OBJC_MSGSEND = YES;
				ENABLE_TESTABILITY = YES;
				ENABLE_USER_SCRIPT_SANDBOXING = YES;
				GCC_C_LANGUAGE_STANDARD = gnu17;
				GCC_DYNAMIC_NO_PIC = NO;
				GCC_NO_COMMON_BLOCKS = YES;
				GCC_OPTIMIZATION_LEVEL = 0;
				GCC_PREPROCESSOR_DEFINITIONS = (
					"DEBUG=1",
					"$(inherited)",
				);
				GCC_WARN_64_TO_32_BIT_CONVERSION = YES;
				GCC_WARN_ABOUT_RETURN_TYPE = YES_ERROR;
				GCC_WARN_UNDECLARED_SELECTOR = YES;
				GCC_WARN_UNINITIALIZED_AUTOS = YES_AGGRESSIVE;
				GCC_WARN_UNUSED_FUNCTION = YES;
				GCC_WARN_UNUSED_VARIABLE = YES;
				IPHONEOS_DEPLOYMENT_TARGET = 17.0;
				LOCALIZATION_PREFERS_STRING_CATALOGS = YES;
				MTL_ENABLE_DEBUG_INFO = INCLUDE_SOURCE;
				MTL_FAST_MATH = YES;
				ONLY_ACTIVE_ARCH = YES;
				SDKROOT = iphoneos;
				SWIFT_ACTIVE_COMPILATION_CONDITIONS = "DEBUG $(inherited)";
				SWIFT_OPTIMIZATION_LEVEL = "-Onone";
			};
			name = Debug;
		};
		A4A83DBE2BDA9F0A0099B5DB /* Release */ = {
			isa = XCBuildConfiguration;
			buildSettings = {
				ALWAYS_SEARCH_USER_PATHS = NO;
				ASSETCATALOG_COMPILER_GENERATE_SWIFT_ASSET_SYMBOL_EXTENSIONS = YES;
				CLANG_ANALYZER_NONNULL = YES;
				CLANG_ANALYZER_NUMBER_OBJECT_CONVERSION = YES_AGGRESSIVE;
				CLANG_CXX_LANGUAGE_STANDARD = "gnu++20";
				CLANG_ENABLE_MODULES = YES;
				CLANG_ENABLE_OBJC_ARC = YES;
				CLANG_ENABLE_OBJC_WEAK = YES;
				CLANG_WARN_BLOCK_CAPTURE_AUTORELEASING = YES;
				CLANG_WARN_BOOL_CONVERSION = YES;
				CLANG_WARN_COMMA = YES;
				CLANG_WARN_CONSTANT_CONVERSION = YES;
				CLANG_WARN_DEPRECATED_OBJC_IMPLEMENTATIONS = YES;
				CLANG_WARN_DIRECT_OBJC_ISA_USAGE = YES_ERROR;
				CLANG_WARN_DOCUMENTATION_COMMENTS = YES;
				CLANG_WARN_EMPTY_BODY = YES;
				CLANG_WARN_ENUM_CONVERSION = YES;
				CLANG_WARN_INFINITE_RECURSION = YES;
				CLANG_WARN_INT_CONVERSION = YES;
				CLANG_WARN_NON_LITERAL_NULL_CONVERSION = YES;
				CLANG_WARN_OBJC_IMPLICIT_RETAIN_SELF = YES;
				CLANG_WARN_OBJC_LITERAL_CONVERSION = YES;
				CLANG_WARN_OBJC_ROOT_CLASS = YES_ERROR;
				CLANG_WARN_QUOTED_INCLUDE_IN_FRAMEWORK_HEADER = YES;
				CLANG_WARN_RANGE_LOOP_ANALYSIS = YES;
				CLANG_WARN_STRICT_PROTOTYPES = YES;
				CLANG_WARN_SUSPICIOUS_MOVE = YES;
				CLANG_WARN_UNGUARDED_AVAILABILITY = YES_AGGRESSIVE;
				CLANG_WARN_UNREACHABLE_CODE = YES;
				CLANG_WARN__DUPLICATE_METHOD_MATCH = YES;
				COPY_PHASE_STRIP = NO;
				DEBUG_INFORMATION_FORMAT = "dwarf-with-dsym";
				ENABLE_NS_ASSERTIONS = NO;
				ENABLE_STRICT_OBJC_MSGSEND = YES;
				ENABLE_USER_SCRIPT_SANDBOXING = YES;
				GCC_C_LANGUAGE_STANDARD = gnu17;
				GCC_NO_COMMON_BLOCKS = YES;
				GCC_WARN_64_TO_32_BIT_CONVERSION = YES;
				GCC_WARN_ABOUT_RETURN_TYPE = YES_ERROR;
				GCC_WARN_UNDECLARED_SELECTOR = YES;
				GCC_WARN_UNINITIALIZED_AUTOS = YES_AGGRESSIVE;
				GCC_WARN_UNUSED_FUNCTION = YES;
				GCC_WARN_UNUSED_VARIABLE = YES;
				IPHONEOS_DEPLOYMENT_TARGET = 17.0;
				LOCALIZATION_PREFERS_STRING_CATALOGS = YES;
				MTL_ENABLE_DEBUG_INFO = NO;
				MTL_FAST_MATH = YES;
				SDKROOT = iphoneos;
				SWIFT_COMPILATION_MODE = wholemodule;
				VALIDATE_PRODUCT = YES;
			};
			name = Release;
		};
		A4A83DC02BDA9F0A0099B5DB /* Debug */ = {
			isa = XCBuildConfiguration;
			buildSettings = {
				ASSETCATALOG_COMPILER_APPICON_NAME = AppIcon;
				ASSETCATALOG_COMPILER_GLOBAL_ACCENT_COLOR_NAME = AccentColor;
				CODE_SIGN_STYLE = Automatic;
				CURRENT_PROJECT_VERSION = 1;
				DEVELOPMENT_TEAM = DZ72YP2SQU;
				GENERATE_INFOPLIST_FILE = YES;
				INFOPLIST_FILE = NotSpotify/Info.plist;
				INFOPLIST_KEY_UIApplicationSupportsIndirectInputEvents = YES;
				INFOPLIST_KEY_UILaunchStoryboardName = LaunchScreen;
				INFOPLIST_KEY_UISupportedInterfaceOrientations_iPad = "UIInterfaceOrientationPortrait UIInterfaceOrientationPortraitUpsideDown UIInterfaceOrientationLandscapeLeft UIInterfaceOrientationLandscapeRight";
				INFOPLIST_KEY_UISupportedInterfaceOrientations_iPhone = "UIInterfaceOrientationPortrait UIInterfaceOrientationLandscapeLeft UIInterfaceOrientationLandscapeRight";
				LD_RUNPATH_SEARCH_PATHS = (
					"$(inherited)",
					"@executable_path/Frameworks",
				);
				MARKETING_VERSION = 1.0;
				PRODUCT_BUNDLE_IDENTIFIER = com.cavidan.NotSpotify;
				PRODUCT_NAME = "$(TARGET_NAME)";
				SWIFT_EMIT_LOC_STRINGS = YES;
				SWIFT_VERSION = 5.0;
				TARGETED_DEVICE_FAMILY = "1,2";
			};
			name = Debug;
		};
		A4A83DC12BDA9F0A0099B5DB /* Release */ = {
			isa = XCBuildConfiguration;
			buildSettings = {
				ASSETCATALOG_COMPILER_APPICON_NAME = AppIcon;
				ASSETCATALOG_COMPILER_GLOBAL_ACCENT_COLOR_NAME = AccentColor;
				CODE_SIGN_STYLE = Automatic;
				CURRENT_PROJECT_VERSION = 1;
				DEVELOPMENT_TEAM = DZ72YP2SQU;
				GENERATE_INFOPLIST_FILE = YES;
				INFOPLIST_FILE = NotSpotify/Info.plist;
				INFOPLIST_KEY_UIApplicationSupportsIndirectInputEvents = YES;
				INFOPLIST_KEY_UILaunchStoryboardName = LaunchScreen;
				INFOPLIST_KEY_UISupportedInterfaceOrientations_iPad = "UIInterfaceOrientationPortrait UIInterfaceOrientationPortraitUpsideDown UIInterfaceOrientationLandscapeLeft UIInterfaceOrientationLandscapeRight";
				INFOPLIST_KEY_UISupportedInterfaceOrientations_iPhone = "UIInterfaceOrientationPortrait UIInterfaceOrientationLandscapeLeft UIInterfaceOrientationLandscapeRight";
				LD_RUNPATH_SEARCH_PATHS = (
					"$(inherited)",
					"@executable_path/Frameworks",
				);
				MARKETING_VERSION = 1.0;
				PRODUCT_BUNDLE_IDENTIFIER = com.cavidan.NotSpotify;
				PRODUCT_NAME = "$(TARGET_NAME)";
				SWIFT_EMIT_LOC_STRINGS = YES;
				SWIFT_VERSION = 5.0;
				TARGETED_DEVICE_FAMILY = "1,2";
			};
			name = Release;
		};
/* End XCBuildConfiguration section */

/* Begin XCConfigurationList section */
		A4A83DA62BDA9F090099B5DB /* Build configuration list for PBXProject "NotSpotify" */ = {
			isa = XCConfigurationList;
			buildConfigurations = (
				A4A83DBD2BDA9F0A0099B5DB /* Debug */,
				A4A83DBE2BDA9F0A0099B5DB /* Release */,
			);
			defaultConfigurationIsVisible = 0;
			defaultConfigurationName = Release;
		};
		A4A83DBF2BDA9F0A0099B5DB /* Build configuration list for PBXNativeTarget "NotSpotify" */ = {
			isa = XCConfigurationList;
			buildConfigurations = (
				A4A83DC02BDA9F0A0099B5DB /* Debug */,
				A4A83DC12BDA9F0A0099B5DB /* Release */,
			);
			defaultConfigurationIsVisible = 0;
			defaultConfigurationName = Release;
		};
/* End XCConfigurationList section */

/* Begin XCRemoteSwiftPackageReference section */
		A4A83DFF2BE660EC0099B5DB /* XCRemoteSwiftPackageReference "SDWebImage" */ = {
			isa = XCRemoteSwiftPackageReference;
			repositoryURL = "https://github.com/SDWebImage/SDWebImage";
			requirement = {
				kind = upToNextMajorVersion;
				minimumVersion = 5.19.1;
			};
		};
/* End XCRemoteSwiftPackageReference section */

/* Begin XCSwiftPackageProductDependency section */
		A4A83E002BE660EC0099B5DB /* SDWebImage */ = {
			isa = XCSwiftPackageProductDependency;
			package = A4A83DFF2BE660EC0099B5DB /* XCRemoteSwiftPackageReference "SDWebImage" */;
			productName = SDWebImage;
		};
		A4A83E022BE660EC0099B5DB /* SDWebImageMapKit */ = {
			isa = XCSwiftPackageProductDependency;
			package = A4A83DFF2BE660EC0099B5DB /* XCRemoteSwiftPackageReference "SDWebImage" */;
			productName = SDWebImageMapKit;
		};
/* End XCSwiftPackageProductDependency section */
	};
	rootObject = A4A83DA32BDA9F090099B5DB /* Project object */;
}
